// !$*UTF8*$!
{
	archiveVersion = 1;
	classes = {
	};
	objectVersion = 77;
	objects = {

/* Begin PBXContainerItemProxy section */
		FBBA33A62FE7182D00209998 /* PBXContainerItemProxy */ = {
			isa = PBXContainerItemProxy;
			containerPortal = FBBA33902FE7182B00209998 /* Project object */;
			proxyType = 1;
			remoteGlobalIDString = FBBA33972FE7182B00209998;
			remoteInfo = "SineX-SwiftUI-iOS";
		};
		FBBA33B02FE7182D00209998 /* PBXContainerItemProxy */ = {
			isa = PBXContainerItemProxy;
			containerPortal = FBBA33902FE7182B00209998 /* Project object */;
			proxyType = 1;
			remoteGlobalIDString = FBBA33972FE7182B00209998;
			remoteInfo = "SineX-SwiftUI-iOS";
		};
/* End PBXContainerItemProxy section */

/* Begin PBXFileReference section */
		FBBA33982FE7182B00209998 /* SineX-SwiftUI-iOS.app */ = {isa = PBXFileReference; explicitFileType = wrapper.application; includeInIndex = 0; path = "SineX-SwiftUI-iOS.app"; sourceTree = BUILT_PRODUCTS_DIR; };
		FBBA33A52FE7182D00209998 /* SineX-SwiftUI-iOSTests.xctest */ = {isa = PBXFileReference; explicitFileType = wrapper.cfbundle; includeInIndex = 0; path = "SineX-SwiftUI-iOSTests.xctest"; sourceTree = BUILT_PRODUCTS_DIR; };
		FBBA33AF2FE7182D00209998 /* SineX-SwiftUI-iOSUITests.xctest */ = {isa = PBXFileReference; explicitFileType = wrapper.cfbundle; includeInIndex = 0; path = "SineX-SwiftUI-iOSUITests.xctest"; sourceTree = BUILT_PRODUCTS_DIR; };
/* End PBXFileReference section */

/* Begin PBXFileSystemSynchronizedRootGroup section */
		FBBA339A2FE7182B00209998 /* SineX-SwiftUI-iOS */ = {
			isa = PBXFileSystemSynchronizedRootGroup;
			path = "SineX-SwiftUI-iOS";
			sourceTree = "<group>";
		};
		FBBA33A82FE7182D00209998 /* SineX-SwiftUI-iOSTests */ = {
			isa = PBXFileSystemSynchronizedRootGroup;
			path = "SineX-SwiftUI-iOSTests";
			sourceTree = "<group>";
		};
		FBBA33B22FE7182D00209998 /* SineX-SwiftUI-iOSUITests */ = {
			isa = PBXFileSystemSynchronizedRootGroup;
			path = "SineX-SwiftUI-iOSUITests";
			sourceTree = "<group>";
		};
/* End PBXFileSystemSynchronizedRootGroup section */

/* Begin PBXFrameworksBuildPhase section */
		FBBA33952FE7182B00209998 /* Frameworks */ = {
			isa = PBXFrameworksBuildPhase;
			buildActionMask = 2147483647;
			files = (
			);
			runOnlyForDeploymentPostprocessing = 0;
		};
		FBBA33A22FE7182D00209998 /* Frameworks */ = {
			isa = PBXFrameworksBuildPhase;
			buildActionMask = 2147483647;
			files = (
			);
			runOnlyForDeploymentPostprocessing = 0;
		};
		FBBA33AC2FE7182D00209998 /* Frameworks */ = {
			isa = PBXFrameworksBuildPhase;
			buildActionMask = 2147483647;
			files = (
			);
			runOnlyForDeploymentPostprocessing = 0;
		};
/* End PBXFrameworksBuildPhase section */

/* Begin PBXGroup section */
		FBBA338F2FE7182A00209998 = {
			isa = PBXGroup;
			children = (
				FBBA339A2FE7182B00209998 /* SineX-SwiftUI-iOS */,
				FBBA33A82FE7182D00209998 /* SineX-SwiftUI-iOSTests */,
				FBBA33B22FE7182D00209998 /* SineX-SwiftUI-iOSUITests */,
				FBBA33992FE7182B00209998 /* Products */,
			);
			sourceTree = "<group>";
		};
		FBBA33992FE7182B00209998 /* Products */ = {
			isa = PBXGroup;
			children = (
				FBBA33982FE7182B00209998 /* SineX-SwiftUI-iOS.app */,
				FBBA33A52FE7182D00209998 /* SineX-SwiftUI-iOSTests.xctest */,
				FBBA33AF2FE7182D00209998 /* SineX-SwiftUI-iOSUITests.xctest */,
			);
			name = Products;
			sourceTree = "<group>";
		};
/* End PBXGroup section */

/* Begin PBXNativeTarget section */
		FBBA33972FE7182B00209998 /* SineX-SwiftUI-iOS */ = {
			isa = PBXNativeTarget;
			buildConfigurationList = FBBA33B92FE7182D00209998 /* Build configuration list for PBXNativeTarget "SineX-SwiftUI-iOS" */;
			buildPhases = (
				FBBA33942FE7182B00209998 /* Sources */,
				FBBA33952FE7182B00209998 /* Frameworks */,
				FBBA33962FE7182B00209998 /* Resources */,
			);
			buildRules = (
			);
			dependencies = (
			);
			fileSystemSynchronizedGroups = (
				FBBA339A2FE7182B00209998 /* SineX-SwiftUI-iOS */,
			);
			name = "SineX-SwiftUI-iOS";
			packageProductDependencies = (
			);
			productName = "SineX-SwiftUI-iOS";
			productReference = FBBA33982FE7182B00209998 /* SineX-SwiftUI-iOS.app */;
			productType = "com.apple.product-type.application";
		};
		FBBA33A42FE7182D00209998 /* SineX-SwiftUI-iOSTests */ = {
			isa = PBXNativeTarget;
			buildConfigurationList = FBBA33BC2FE7182D00209998 /* Build configuration list for PBXNativeTarget "SineX-SwiftUI-iOSTests" */;
			buildPhases = (
				FBBA33A12FE7182D00209998 /* Sources */,
				FBBA33A22FE7182D00209998 /* Frameworks */,
				FBBA33A32FE7182D00209998 /* Resources */,
			);
			buildRules = (
			);
			dependencies = (
				FBBA33A72FE7182D00209998 /* PBXTargetDependency */,
			);
			fileSystemSynchronizedGroups = (
				FBBA33A82FE7182D00209998 /* SineX-SwiftUI-iOSTests */,
			);
			name = "SineX-SwiftUI-iOSTests";
			packageProductDependencies = (
			);
			productName = "SineX-SwiftUI-iOSTests";
			productReference = FBBA33A52FE7182D00209998 /* SineX-SwiftUI-iOSTests.xctest */;
			productType = "com.apple.product-type.bundle.unit-test";
		};
		FBBA33AE2FE7182D00209998 /* SineX-SwiftUI-iOSUITests */ = {
			isa = PBXNativeTarget;
			buildConfigurationList = FBBA33BF2FE7182D00209998 /* Build configuration list for PBXNativeTarget "SineX-SwiftUI-iOSUITests" */;
			buildPhases = (
				FBBA33AB2FE7182D00209998 /* Sources */,
				FBBA33AC2FE7182D00209998 /* Frameworks */,
				FBBA33AD2FE7182D00209998 /* Resources */,
			);
			buildRules = (
			);
			dependencies = (
				FBBA33B12FE7182D00209998 /* PBXTargetDependency */,
			);
			fileSystemSynchronizedGroups = (
				FBBA33B22FE7182D00209998 /* SineX-SwiftUI-iOSUITests */,
			);
			name = "SineX-SwiftUI-iOSUITests";
			packageProductDependencies = (
			);
			productName = "SineX-SwiftUI-iOSUITests";
			productReference = FBBA33AF2FE7182D00209998 /* SineX-SwiftUI-iOSUITests.xctest */;
			productType = "com.apple.product-type.bundle.ui-testing";
		};
/* End PBXNativeTarget section */

/* Begin PBXProject section */
		FBBA33902FE7182B00209998 /* Project object */ = {
			isa = PBXProject;
			attributes = {
				BuildIndependentTargetsInParallel = 1;
				LastSwiftUpdateCheck = 2640;
				LastUpgradeCheck = 2640;
				TargetAttributes = {
					FBBA33972FE7182B00209998 = {
						CreatedOnToolsVersion = 26.4;
					};
					FBBA33A42FE7182D00209998 = {
						CreatedOnToolsVersion = 26.4;
						TestTargetID = FBBA33972FE7182B00209998;
					};
					FBBA33AE2FE7182D00209998 = {
						CreatedOnToolsVersion = 26.4;
						TestTargetID = FBBA33972FE7182B00209998;
					};
				};
			};
			buildConfigurationList = FBBA33932FE7182B00209998 /* Build configuration list for PBXProject "SineX-SwiftUI-iOS" */;
			developmentRegion = en;
			hasScannedForEncodings = 0;
			knownRegions = (
				en,
				Base,
			);
			mainGroup = FBBA338F2FE7182A00209998;
			minimizedProjectReferenceProxies = 1;
			preferredProjectObjectVersion = 77;
			productRefGroup = FBBA33992FE7182B00209998 /* Products */;
			projectDirPath = "";
			projectRoot = "";
			targets = (
				FBBA33972FE7182B00209998 /* SineX-SwiftUI-iOS */,
				FBBA33A42FE7182D00209998 /* SineX-SwiftUI-iOSTests */,
				FBBA33AE2FE7182D00209998 /* SineX-SwiftUI-iOSUITests */,
			);
		};
/* End PBXProject section */

/* Begin PBXResourcesBuildPhase section */
		FBBA33962FE7182B00209998 /* Resources */ = {
			isa = PBXResourcesBuildPhase;
			buildActionMask = 2147483647;
			files = (
			);
			runOnlyForDeploymentPostprocessing = 0;
		};
		FBBA33A32FE7182D00209998 /* Resources */ = {
			isa = PBXResourcesBuildPhase;
			buildActionMask = 2147483647;
			files = (
			);
			runOnlyForDeploymentPostprocessing = 0;
		};
		FBBA33AD2FE7182D00209998 /* Resources */ = {
			isa = PBXResourcesBuildPhase;
			buildActionMask = 2147483647;
			files = (
			);
			runOnlyForDeploymentPostprocessing = 0;
		};
/* End PBXResourcesBuildPhase section */

/* Begin PBXSourcesBuildPhase section */
		FBBA33942FE7182B00209998 /* Sources */ = {
			isa = PBXSourcesBuildPhase;
			buildActionMask = 2147483647;
			files = (
			);
			runOnlyForDeploymentPostprocessing = 0;
		};
		FBBA33A12FE7182D00209998 /* Sources */ = {
			isa = PBXSourcesBuildPhase;
			buildActionMask = 2147483647;
			files = (
			);
			runOnlyForDeploymentPostprocessing = 0;
		};
		FBBA33AB2FE7182D00209998 /* Sources */ = {
			isa = PBXSourcesBuildPhase;
			buildActionMask = 2147483647;
			files = (
			);
			runOnlyForDeploymentPostprocessing = 0;
		};
/* End PBXSourcesBuildPhase section */

/* Begin PBXTargetDependency section */
		FBBA33A72FE7182D00209998 /* PBXTargetDependency */ = {
			isa = PBXTargetDependency;
			target = FBBA33972FE7182B00209998 /* SineX-SwiftUI-iOS */;
			targetProxy = FBBA33A62FE7182D00209998 /* PBXContainerItemProxy */;
		};
		FBBA33B12FE7182D00209998 /* PBXTargetDependency */ = {
			isa = PBXTargetDependency;
			target = FBBA33972FE7182B00209998 /* SineX-SwiftUI-iOS */;
			targetProxy = FBBA33B02FE7182D00209998 /* PBXContainerItemProxy */;
		};
/* End PBXTargetDependency section */

/* Begin XCBuildConfiguration section */
		FBBA33B72FE7182D00209998 /* Debug */ = {
			isa = XCBuildConfiguration;
			buildSettings = {
				ALWAYS_SEARCH_USER_PATHS = NO;
				ASSETCATALOG_COMPILER_GENERATE_SWIFT_ASSET_SYMBOL_EXTENSIONS = YES;
				CLANG_ANALYZER_NONNULL = YES;
				CLANG_ANALYZER_NUMBER_OBJECT_CONVERSION = YES_AGGRESSIVE;
				CLANG_CXX_LANGUAGE_STANDARD = "gnu++20";
				CLANG_ENABLE_MODULES = YES;
				CLANG_ENABLE_OBJC_ARC = YES;
				CLANG_ENABLE_OBJC_WEAK = YES;
				CLANG_WARN_BLOCK_CAPTURE_AUTORELEASING = YES;
				CLANG_WARN_BOOL_CONVERSION = YES;
				CLANG_WARN_COMMA = YES;
				CLANG_WARN_CONSTANT_CONVERSION = YES;
				CLANG_WARN_DEPRECATED_OBJC_IMPLEMENTATIONS = YES;
				CLANG_WARN_DIRECT_OBJC_ISA_USAGE = YES_ERROR;
				CLANG_WARN_DOCUMENTATION_COMMENTS = YES;
				CLANG_WARN_EMPTY_BODY = YES;
				CLANG_WARN_ENUM_CONVERSION = YES;
				CLANG_WARN_INFINITE_RECURSION = YES;
				CLANG_WARN_INT_CONVERSION = YES;
				CLANG_WARN_NON_LITERAL_NULL_CONVERSION = YES;
				CLANG_WARN_OBJC_IMPLICIT_RETAIN_SELF = YES;
				CLANG_WARN_OBJC_LITERAL_CONVERSION = YES;
				CLANG_WARN_OBJC_ROOT_CLASS = YES_ERROR;
				CLANG_WARN_QUOTED_INCLUDE_IN_FRAMEWORK_HEADER = YES;
				CLANG_WARN_RANGE_LOOP_ANALYSIS = YES;
				CLANG_WARN_STRICT_PROTOTYPES = YES;
				CLANG_WARN_SUSPICIOUS_MOVE = YES;
				CLANG_WARN_UNGUARDED_AVAILABILITY = YES_AGGRESSIVE;
				CLANG_WARN_UNREACHABLE_CODE = YES;
				CLANG_WARN__DUPLICATE_METHOD_MATCH = YES;
				COPY_PHASE_STRIP = NO;
				DEBUG_INFORMATION_FORMAT = dwarf;
				DEVELOPMENT_TEAM = 4F7AD9HMFP;
				ENABLE_STRICT_OBJC_MSGSEND = YES;
				ENABLE_TESTABILITY = YES;
				ENABLE_USER_SCRIPT_SANDBOXING = YES;
				GCC_C_LANGUAGE_STANDARD = gnu17;
				GCC_DYNAMIC_NO_PIC = NO;
				GCC_NO_COMMON_BLOCKS = YES;
				GCC_OPTIMIZATION_LEVEL = 0;
				GCC_PREPROCESSOR_DEFINITIONS = (
					"DEBUG=1",
					"$(inherited)",
				);
				GCC_WARN_64_TO_32_BIT_CONVERSION = YES;
				GCC_WARN_ABOUT_RETURN_TYPE = YES_ERROR;
				GCC_WARN_UNDECLARED_SELECTOR = YES;
				GCC_WARN_UNINITIALIZED_AUTOS = YES_AGGRESSIVE;
				GCC_WARN_UNUSED_FUNCTION = YES;
				GCC_WARN_UNUSED_VARIABLE = YES;
				IPHONEOS_DEPLOYMENT_TARGET = 26.4;
				LOCALIZATION_PREFERS_STRING_CATALOGS = YES;
				MTL_ENABLE_DEBUG_INFO = INCLUDE_SOURCE;
				MTL_FAST_MATH = YES;
				ONLY_ACTIVE_ARCH = YES;
				SDKROOT = iphoneos;
				SWIFT_ACTIVE_COMPILATION_CONDITIONS = "DEBUG $(inherited)";
				SWIFT_OPTIMIZATION_LEVEL = "-Onone";
			};
			name = Debug;
		};
		FBBA33B82FE7182D00209998 /* Release */ = {
			isa = XCBuildConfiguration;
			buildSettings = {
				ALWAYS_SEARCH_USER_PATHS = NO;
				ASSETCATALOG_COMPILER_GENERATE_SWIFT_ASSET_SYMBOL_EXTENSIONS = YES;
				CLANG_ANALYZER_NONNULL = YES;
				CLANG_ANALYZER_NUMBER_OBJECT_CONVERSION = YES_AGGRESSIVE;
				CLANG_CXX_LANGUAGE_STANDARD = "gnu++20";
				CLANG_ENABLE_MODULES = YES;
				CLANG_ENABLE_OBJC_ARC = YES;
				CLANG_ENABLE_OBJC_WEAK = YES;
				CLANG_WARN_BLOCK_CAPTURE_AUTORELEASING = YES;
				CLANG_WARN_BOOL_CONVERSION = YES;
				CLANG_WARN_COMMA = YES;
				CLANG_WARN_CONSTANT_CONVERSION = YES;
				CLANG_WARN_DEPRECATED_OBJC_IMPLEMENTATIONS = YES;
				CLANG_WARN_DIRECT_OBJC_ISA_USAGE = YES_ERROR;
				CLANG_WARN_DOCUMENTATION_COMMENTS = YES;
				CLANG_WARN_EMPTY_BODY = YES;
				CLANG_WARN_ENUM_CONVERSION = YES;
				CLANG_WARN_INFINITE_RECURSION = YES;
				CLANG_WARN_INT_CONVERSION = YES;
				CLANG_WARN_NON_LITERAL_NULL_CONVERSION = YES;
				CLANG_WARN_OBJC_IMPLICIT_RETAIN_SELF = YES;
				CLANG_WARN_OBJC_LITERAL_CONVERSION = YES;
				CLANG_WARN_OBJC_ROOT_CLASS = YES_ERROR;
				CLANG_WARN_QUOTED_INCLUDE_IN_FRAMEWORK_HEADER = YES;
				CLANG_WARN_RANGE_LOOP_ANALYSIS = YES;
				CLANG_WARN_STRICT_PROTOTYPES = YES;
				CLANG_WARN_SUSPICIOUS_MOVE = YES;
				CLANG_WARN_UNGUARDED_AVAILABILITY = YES_AGGRESSIVE;
				CLANG_WARN_UNREACHABLE_CODE = YES;
				CLANG_WARN__DUPLICATE_METHOD_MATCH = YES;
				COPY_PHASE_STRIP = NO;
				DEBUG_INFORMATION_FORMAT = "dwarf-with-dsym";
				DEVELOPMENT_TEAM = 4F7AD9HMFP;
				ENABLE_NS_ASSERTIONS = NO;
				ENABLE_STRICT_OBJC_MSGSEND = YES;
				ENABLE_USER_SCRIPT_SANDBOXING = YES;
				GCC_C_LANGUAGE_STANDARD = gnu17;
				GCC_NO_COMMON_BLOCKS = YES;
				GCC_WARN_64_TO_32_BIT_CONVERSION = YES;
				GCC_WARN_ABOUT_RETURN_TYPE = YES_ERROR;
				GCC_WARN_UNDECLARED_SELECTOR = YES;
				GCC_WARN_UNINITIALIZED_AUTOS = YES_AGGRESSIVE;
				GCC_WARN_UNUSED_FUNCTION = YES;
				GCC_WARN_UNUSED_VARIABLE = YES;
				IPHONEOS_DEPLOYMENT_TARGET = 26.4;
				LOCALIZATION_PREFERS_STRING_CATALOGS = YES;
				MTL_ENABLE_DEBUG_INFO = NO;
				MTL_FAST_MATH = YES;
				SDKROOT = iphoneos;
				SWIFT_COMPILATION_MODE = wholemodule;
				VALIDATE_PRODUCT = YES;
			};
			name = Release;
		};
		FBBA33BA2FE7182D00209998 /* Debug */ = {
			isa = XCBuildConfiguration;
			buildSettings = {
				ASSETCATALOG_COMPILER_APPICON_NAME = AppIcon;
				ASSETCATALOG_COMPILER_GLOBAL_ACCENT_COLOR_NAME = AccentColor;
				CODE_SIGN_STYLE = Automatic;
				CURRENT_PROJECT_VERSION = 1;
				DEVELOPMENT_TEAM = 4F7AD9HMFP;
				ENABLE_PREVIEWS = YES;
				GENERATE_INFOPLIST_FILE = YES;
				INFOPLIST_KEY_LSApplicationCategoryType = "public.app-category.social-networking";
				INFOPLIST_KEY_NSCameraUsageDescription = "We need camera access to capture your profile photo and verify your identity";
				INFOPLIST_KEY_UIApplicationSceneManifest_Generation = YES;
				INFOPLIST_KEY_UIApplicationSupportsIndirectInputEvents = YES;
				INFOPLIST_KEY_UILaunchScreen_Generation = YES;
				INFOPLIST_KEY_UISupportedInterfaceOrientations_iPad = "UIInterfaceOrientationPortrait UIInterfaceOrientationPortraitUpsideDown UIInterfaceOrientationLandscapeLeft UIInterfaceOrientationLandscapeRight";
				INFOPLIST_KEY_UISupportedInterfaceOrientations_iPhone = "UIInterfaceOrientationPortrait UIInterfaceOrientationLandscapeLeft UIInterfaceOrientationLandscapeRight";
				IPHONEOS_DEPLOYMENT_TARGET = 18;
				LD_RUNPATH_SEARCH_PATHS = (
					"$(inherited)",
					"@executable_path/Frameworks",
				);
				MARKETING_VERSION = 1.0;
				PRODUCT_BUNDLE_IDENTIFIER = "com.sinex.software.SineX-SwiftUI-iOS";
				PRODUCT_NAME = "$(TARGET_NAME)";
				STRING_CATALOG_GENERATE_SYMBOLS = YES;
				SWIFT_APPROACHABLE_CONCURRENCY = YES;
				SWIFT_DEFAULT_ACTOR_ISOLATION = MainActor;
				SWIFT_EMIT_LOC_STRINGS = YES;
				SWIFT_UPCOMING_FEATURE_MEMBER_IMPORT_VISIBILITY = YES;
				SWIFT_VERSION = 5.0;
				TARGETED_DEVICE_FAMILY = "1,2";
			};
			name = Debug;
		};
		FBBA33BB2FE7182D00209998 /* Release */ = {
			isa = XCBuildConfiguration;
			buildSettings = {
				ASSETCATALOG_COMPILER_APPICON_NAME = AppIcon;
				ASSETCATALOG_COMPILER_GLOBAL_ACCENT_COLOR_NAME = AccentColor;
				CODE_SIGN_STYLE = Automatic;
				CURRENT_PROJECT_VERSION = 1;
				DEVELOPMENT_TEAM = 4F7AD9HMFP;
				ENABLE_PREVIEWS = YES;
				GENERATE_INFOPLIST_FILE = YES;
				INFOPLIST_KEY_LSApplicationCategoryType = "public.app-category.social-networking";
				INFOPLIST_KEY_NSCameraUsageDescription = "We need camera access to capture your profile photo and verify your identity";
				INFOPLIST_KEY_UIApplicationSceneManifest_Generation = YES;
				INFOPLIST_KEY_UIApplicationSupportsIndirectInputEvents = YES;
				INFOPLIST_KEY_UILaunchScreen_Generation = YES;
				INFOPLIST_KEY_UISupportedInterfaceOrientations_iPad = "UIInterfaceOrientationPortrait UIInterfaceOrientationPortraitUpsideDown UIInterfaceOrientationLandscapeLeft UIInterfaceOrientationLandscapeRight";
				INFOPLIST_KEY_UISupportedInterfaceOrientations_iPhone = "UIInterfaceOrientationPortrait UIInterfaceOrientationLandscapeLeft UIInterfaceOrientationLandscapeRight";
				IPHONEOS_DEPLOYMENT_TARGET = 18;
				LD_RUNPATH_SEARCH_PATHS = (
					"$(inherited)",
					"@executable_path/Frameworks",
				);
				MARKETING_VERSION = 1.0;
				PRODUCT_BUNDLE_IDENTIFIER = "com.sinex.software.SineX-SwiftUI-iOS";
				PRODUCT_NAME = "$(TARGET_NAME)";
				STRING_CATALOG_GENERATE_SYMBOLS = YES;
				SWIFT_APPROACHABLE_CONCURRENCY = YES;
				SWIFT_DEFAULT_ACTOR_ISOLATION = MainActor;
				SWIFT_EMIT_LOC_STRINGS = YES;
				SWIFT_UPCOMING_FEATURE_MEMBER_IMPORT_VISIBILITY = YES;
				SWIFT_VERSION = 5.0;
				TARGETED_DEVICE_FAMILY = "1,2";
			};
			name = Release;
		};
		FBBA33BD2FE7182D00209998 /* Debug */ = {
			isa = XCBuildConfiguration;
			buildSettings = {
				BUNDLE_LOADER = "$(TEST_HOST)";
				CODE_SIGN_STYLE = Automatic;
				CURRENT_PROJECT_VERSION = 1;
				DEVELOPMENT_TEAM = 4F7AD9HMFP;
				GENERATE_INFOPLIST_FILE = YES;
				IPHONEOS_DEPLOYMENT_TARGET = 26.4;
				MARKETING_VERSION = 1.0;
				PRODUCT_BUNDLE_IDENTIFIER = "com.sinex.software.SineX-SwiftUI-iOSTests";
				PRODUCT_NAME = "$(TARGET_NAME)";
				STRING_CATALOG_GENERATE_SYMBOLS = NO;
				SWIFT_APPROACHABLE_CONCURRENCY = YES;
				SWIFT_EMIT_LOC_STRINGS = NO;
				SWIFT_UPCOMING_FEATURE_MEMBER_IMPORT_VISIBILITY = YES;
				SWIFT_VERSION = 5.0;
				TARGETED_DEVICE_FAMILY = "1,2";
				TEST_HOST = "$(BUILT_PRODUCTS_DIR)/SineX-SwiftUI-iOS.app/$(BUNDLE_EXECUTABLE_FOLDER_PATH)/SineX-SwiftUI-iOS";
			};
			name = Debug;
		};
		FBBA33BE2FE7182D00209998 /* Release */ = {
			isa = XCBuildConfiguration;
			buildSettings = {
				BUNDLE_LOADER = "$(TEST_HOST)";
				CODE_SIGN_STYLE = Automatic;
				CURRENT_PROJECT_VERSION = 1;
				DEVELOPMENT_TEAM = 4F7AD9HMFP;
				GENERATE_INFOPLIST_FILE = YES;
				IPHONEOS_DEPLOYMENT_TARGET = 26.4;
				MARKETING_VERSION = 1.0;
				PRODUCT_BUNDLE_IDENTIFIER = "com.sinex.software.SineX-SwiftUI-iOSTests";
				PRODUCT_NAME = "$(TARGET_NAME)";
				STRING_CATALOG_GENERATE_SYMBOLS = NO;
				SWIFT_APPROACHABLE_CONCURRENCY = YES;
				SWIFT_EMIT_LOC_STRINGS = NO;
				SWIFT_UPCOMING_FEATURE_MEMBER_IMPORT_VISIBILITY = YES;
				SWIFT_VERSION = 5.0;
				TARGETED_DEVICE_FAMILY = "1,2";
				TEST_HOST = "$(BUILT_PRODUCTS_DIR)/SineX-SwiftUI-iOS.app/$(BUNDLE_EXECUTABLE_FOLDER_PATH)/SineX-SwiftUI-iOS";
			};
			name = Release;
		};
		FBBA33C02FE7182D00209998 /* Debug */ = {
			isa = XCBuildConfiguration;
			buildSettings = {
				CODE_SIGN_STYLE = Automatic;
				CURRENT_PROJECT_VERSION = 1;
				DEVELOPMENT_TEAM = 4F7AD9HMFP;
				GENERATE_INFOPLIST_FILE = YES;
				MARKETING_VERSION = 1.0;
				PRODUCT_BUNDLE_IDENTIFIER = "com.sinex.software.SineX-SwiftUI-iOSUITests";
				PRODUCT_NAME = "$(TARGET_NAME)";
				STRING_CATALOG_GENERATE_SYMBOLS = NO;
				SWIFT_APPROACHABLE_CONCURRENCY = YES;
				SWIFT_EMIT_LOC_STRINGS = NO;
				SWIFT_UPCOMING_FEATURE_MEMBER_IMPORT_VISIBILITY = YES;
				SWIFT_VERSION = 5.0;
				TARGETED_DEVICE_FAMILY = "1,2";
				TEST_TARGET_NAME = "SineX-SwiftUI-iOS";
			};
			name = Debug;
		};
		FBBA33C12FE7182D00209998 /* Release */ = {
			isa = XCBuildConfiguration;
			buildSettings = {
				CODE_SIGN_STYLE = Automatic;
				CURRENT_PROJECT_VERSION = 1;
				DEVELOPMENT_TEAM = 4F7AD9HMFP;
				GENERATE_INFOPLIST_FILE = YES;
				MARKETING_VERSION = 1.0;
				PRODUCT_BUNDLE_IDENTIFIER = "com.sinex.software.SineX-SwiftUI-iOSUITests";
				PRODUCT_NAME = "$(TARGET_NAME)";
				STRING_CATALOG_GENERATE_SYMBOLS = NO;
				SWIFT_APPROACHABLE_CONCURRENCY = YES;
				SWIFT_EMIT_LOC_STRINGS = NO;
				SWIFT_UPCOMING_FEATURE_MEMBER_IMPORT_VISIBILITY = YES;
				SWIFT_VERSION = 5.0;
				TARGETED_DEVICE_FAMILY = "1,2";
				TEST_TARGET_NAME = "SineX-SwiftUI-iOS";
			};
			name = Release;
		};
/* End XCBuildConfiguration section */

/* Begin XCConfigurationList section */
		FBBA33932FE7182B00209998 /* Build configuration list for PBXProject "SineX-SwiftUI-iOS" */ = {
			isa = XCConfigurationList;
			buildConfigurations = (
				FBBA33B72FE7182D00209998 /* Debug */,
				FBBA33B82FE7182D00209998 /* Release */,
			);
			defaultConfigurationIsVisible = 0;
			defaultConfigurationName = Release;
		};
		FBBA33B92FE7182D00209998 /* Build configuration list for PBXNativeTarget "SineX-SwiftUI-iOS" */ = {
			isa = XCConfigurationList;
			buildConfigurations = (
				FBBA33BA2FE7182D00209998 /* Debug */,
				FBBA33BB2FE7182D00209998 /* Release */,
			);
			defaultConfigurationIsVisible = 0;
			defaultConfigurationName = Release;
		};
		FBBA33BC2FE7182D00209998 /* Build configuration list for PBXNativeTarget "SineX-SwiftUI-iOSTests" */ = {
			isa = XCConfigurationList;
			buildConfigurations = (
				FBBA33BD2FE7182D00209998 /* Debug */,
				FBBA33BE2FE7182D00209998 /* Release */,
			);
			defaultConfigurationIsVisible = 0;
			defaultConfigurationName = Release;
		};
		FBBA33BF2FE7182D00209998 /* Build configuration list for PBXNativeTarget "SineX-SwiftUI-iOSUITests" */ = {
			isa = XCConfigurationList;
			buildConfigurations = (
				FBBA33C02FE7182D00209998 /* Debug */,
				FBBA33C12FE7182D00209998 /* Release */,
			);
			defaultConfigurationIsVisible = 0;
			defaultConfigurationName = Release;
		};
/* End XCConfigurationList section */
	};
	rootObject = FBBA33902FE7182B00209998 /* Project object */;
}
